
Microsoft Visual Studio Solution File, Format Version 12.00
# Visual Studio Version 17
VisualStudioVersion = 17.14.36301.6 d17.14
MinimumVisualStudioVersion = 10.0.40219.1
Project("{FAE04EC0-301F-11D3-BF4B-00C04F79EFBC}") = "StoreWebApp", "StoreWebApp\StoreWebApp.csproj", "{4834819A-BA9F-40D7-80A0-BC0508B44EC7}"
EndProject
Global
	GlobalSection(SolutionConfigurationPlatforms) = preSolution
		Debug|Any CPU = Debug|Any CPU
		Release|Any CPU = Release|Any CPU
	EndGlobalSection
	GlobalSection(ProjectConfigurationPlatforms) = postSolution
		{4834819A-BA9F-40D7-80A0-BC0508B44EC7}.Debug|Any CPU.ActiveCfg = Debug|Any CPU
		{4834819A-BA9F-40D7-80A0-BC0508B44EC7}.Debug|Any CPU.Build.0 = Debug|Any CPU
		{4834819A-BA9F-40D7-80A0-BC0508B44EC7}.Release|Any CPU.ActiveCfg = Release|Any CPU
		{4834819A-BA9F-40D7-80A0-BC0508B44EC7}.Release|Any CPU.Build.0 = Release|Any CPU
	EndGlobalSection
	GlobalSection(SolutionProperties) = preSolution
		HideSolutionNode = FALSE
	EndGlobalSection
	GlobalSection(ExtensibilityGlobals) = postSolution
		SolutionGuid = {E0531F56-8EFF-4273-A85D-694EAA279CF2}
	EndGlobalSection
EndGlobal
